// !$*UTF8*$!
{
	archiveVersion = 1;
	classes = {
	};
	objectVersion = 48;
	objects = {

/* Begin PBXBuildFile section */
		1EE4AC9020C7C5B500379DD7 /* AppDelegate.swift in Sources */ = {isa = PBXBuildFile; fileRef = 1EE4AC8F20C7C5B500379DD7 /* AppDelegate.swift */; };
		1EE4AC9420C7C5B500379DD7 /* Assets.xcassets in Resources */ = {isa = PBXBuildFile; fileRef = 1EE4AC9320C7C5B500379DD7 /* Assets.xcassets */; };
		1EE4AC9720C7C5B500379DD7 /* Main.storyboard in Resources */ = {isa = PBXBuildFile; fileRef = 1EE4AC9520C7C5B500379DD7 /* Main.storyboard */; };
		1EE4ACA020C7C7BE00379DD7 /* MetalView.swift in Sources */ = {isa = PBXBuildFile; fileRef = 1EE4AC9F20C7C7BE00379DD7 /* MetalView.swift */; };
/* End PBXBuildFile section */

/* Begin PBXFileReference section */
		1EE4AC8C20C7C5B500379DD7 /* Ch02-OSX.app */ = {isa = PBXFileReference; explicitFileType = wrapper.application; includeInIndex = 0; path = "Ch02-OSX.app"; sourceTree = BUILT_PRODUCTS_DIR; };
		1EE4AC8F20C7C5B500379DD7 /* AppDelegate.swift */ = {isa = PBXFileReference; lastKnownFileType = sourcecode.swift; path = AppDelegate.swift; sourceTree = "<group>"; };
		1EE4AC9320C7C5B500379DD7 /* Assets.xcassets */ = {isa = PBXFileReference; lastKnownFileType = folder.assetcatalog; path = Assets.xcassets; sourceTree = "<group>"; };
		1EE4AC9620C7C5B500379DD7 /* Base */ = {isa = PBXFileReference; lastKnownFileType = file.storyboard; name = Base; path = Base.lproj/Main.storyboard; sourceTree = "<group>"; };
		1EE4AC9820C7C5B500379DD7 /* Info.plist */ = {isa = PBXFileReference; lastKnownFileType = text.plist.xml; path = Info.plist; sourceTree = "<group>"; };
		1EE4AC9920C7C5B500379DD7 /* Ch02_OSX.entitlements */ = {isa = PBXFileReference; lastKnownFileType = text.plist.entitlements; path = Ch02_OSX.entitlements; sourceTree = "<group>"; };
		1EE4AC9F20C7C7BE00379DD7 /* MetalView.swift */ = {isa = PBXFileReference; lastKnownFileType = sourcecode.swift; path = MetalView.swift; sourceTree = "<group>"; };
/* End PBXFileReference section */

/* Begin PBXFrameworksBuildPhase section */
		1EE4AC8920C7C5B500379DD7 /* Frameworks */ = {
			isa = PBXFrameworksBuildPhase;
			buildActionMask = 2147483647;
			files = (
			);
			runOnlyForDeploymentPostprocessing = 0;
		};
/* End PBXFrameworksBuildPhase section */

/* Begin PBXGroup section */
		1EE4AC8320C7C5B500379DD7 = {
			isa = PBXGroup;
			children = (
				1EE4AC8E20C7C5B500379DD7 /* Ch02-OSX */,
				1EE4AC8D20C7C5B500379DD7 /* Products */,
			);
			sourceTree = "<group>";
		};
		1EE4AC8D20C7C5B500379DD7 /* Products */ = {
			isa = PBXGroup;
			children = (
				1EE4AC8C20C7C5B500379DD7 /* Ch02-OSX.app */,
			);
			name = Products;
			sourceTree = "<group>";
		};
		1EE4AC8E20C7C5B500379DD7 /* Ch02-OSX */ = {
			isa = PBXGroup;
			children = (
				1EE4AC8F20C7C5B500379DD7 /* AppDelegate.swift */,
				1EE4AC9F20C7C7BE00379DD7 /* MetalView.swift */,
				1EE4AC9320C7C5B500379DD7 /* Assets.xcassets */,
				1EE4AC9520C7C5B500379DD7 /* Main.storyboard */,
				1EE4AC9820C7C5B500379DD7 /* Info.plist */,
				1EE4AC9920C7C5B500379DD7 /* Ch02_OSX.entitlements */,
			);
			path = "Ch02-OSX";
			sourceTree = "<group>";
		};
/* End PBXGroup section */

/* Begin PBXNativeTarget section */
		1EE4AC8B20C7C5B500379DD7 /* Ch02-OSX */ = {
			isa = PBXNativeTarget;
			buildConfigurationList = 1EE4AC9C20C7C5B500379DD7 /* Build configuration list for PBXNativeTarget "Ch02-OSX" */;
			buildPhases = (
				1EE4AC8820C7C5B500379DD7 /* Sources */,
				1EE4AC8920C7C5B500379DD7 /* Frameworks */,
				1EE4AC8A20C7C5B500379DD7 /* Resources */,
			);
			buildRules = (
			);
			dependencies = (
			);
			name = "Ch02-OSX";
			productName = "Ch02-OSX";
			productReference = 1EE4AC8C20C7C5B500379DD7 /* Ch02-OSX.app */;
			productType = "com.apple.product-type.application";
		};
/* End PBXNativeTarget section */

/* Begin PBXProject section */
		1EE4AC8420C7C5B500379DD7 /* Project object */ = {
			isa = PBXProject;
			attributes = {
				LastSwiftUpdateCheck = 0920;
				LastUpgradeCheck = 0920;
				ORGANIZATIONNAME = Frank.Zhang;
				TargetAttributes = {
					1EE4AC8B20C7C5B500379DD7 = {
						CreatedOnToolsVersion = 9.2;
						ProvisioningStyle = Automatic;
					};
				};
			};
			buildConfigurationList = 1EE4AC8720C7C5B500379DD7 /* Build configuration list for PBXProject "Ch02-OSX" */;
			compatibilityVersion = "Xcode 8.0";
			developmentRegion = en;
			hasScannedForEncodings = 0;
			knownRegions = (
				en,
				Base,
			);
			mainGroup = 1EE4AC8320C7C5B500379DD7;
			productRefGroup = 1EE4AC8D20C7C5B500379DD7 /* Products */;
			projectDirPath = "";
			projectRoot = "";
			targets = (
				1EE4AC8B20C7C5B500379DD7 /* Ch02-OSX */,
			);
		};
/* End PBXProject section */

/* Begin PBXResourcesBuildPhase section */
		1EE4AC8A20C7C5B500379DD7 /* Resources */ = {
			isa = PBXResourcesBuildPhase;
			buildActionMask = 2147483647;
			files = (
				1EE4AC9420C7C5B500379DD7 /* Assets.xcassets in Resources */,
				1EE4AC9720C7C5B500379DD7 /* Main.storyboard in Resources */,
			);
			runOnlyForDeploymentPostprocessing = 0;
		};
/* End PBXResourcesBuildPhase section */

/* Begin PBXSourcesBuildPhase section */
		1EE4AC8820C7C5B500379DD7 /* Sources */ = {
			isa = PBXSourcesBuildPhase;
			buildActionMask = 2147483647;
			files = (
				1EE4ACA020C7C7BE00379DD7 /* MetalView.swift in Sources */,
				1EE4AC9020C7C5B500379DD7 /* AppDelegate.swift in Sources */,
			);
			runOnlyForDeploymentPostprocessing = 0;
		};
/* End PBXSourcesBuildPhase section */

/* Begin PBXVariantGroup section */
		1EE4AC9520C7C5B500379DD7 /* Main.storyboard */ = {
			isa = PBXVariantGroup;
			children = (
				1EE4AC9620C7C5B500379DD7 /* Base */,
			);
			name = Main.storyboard;
			sourceTree = "<group>";
		};
/* End PBXVariantGroup section */

/* Begin XCBuildConfiguration section */
		1EE4AC9A20C7C5B500379DD7 /* Debug */ = {
			isa = XCBuildConfiguration;
			buildSettings = {
				ALWAYS_SEARCH_USER_PATHS = NO;
				CLANG_ANALYZER_NONNULL = YES;
				CLANG_ANALYZER_NUMBER_OBJECT_CONVERSION = YES_AGGRESSIVE;
				CLANG_CXX_LANGUAGE_STANDARD = "gnu++14";
				CLANG_CXX_LIBRARY = "libc++";
				CLANG_ENABLE_MODULES = YES;
				CLANG_ENABLE_OBJC_ARC = YES;
				CLANG_WARN_BLOCK_CAPTURE_AUTORELEASING = YES;
				CLANG_WARN_BOOL_CONVERSION = YES;
				CLANG_WARN_COMMA = YES;
				CLANG_WARN_CONSTANT_CONVERSION = YES;
				CLANG_WARN_DIRECT_OBJC_ISA_USAGE = YES_ERROR;
				CLANG_WARN_DOCUMENTATION_COMMENTS = YES;
				CLANG_WARN_EMPTY_BODY = YES;
				CLANG_WARN_ENUM_CONVERSION = YES;
				CLANG_WARN_INFINITE_RECURSION = YES;
				CLANG_WARN_INT_CONVERSION = YES;
				CLANG_WARN_NON_LITERAL_NULL_CONVERSION = YES;
				CLANG_WARN_OBJC_LITERAL_CONVERSION = YES;
				CLANG_WARN_OBJC_ROOT_CLASS = YES_ERROR;
				CLANG_WARN_RANGE_LOOP_ANALYSIS = YES;
				CLANG_WARN_STRICT_PROTOTYPES = YES;
				CLANG_WARN_SUSPICIOUS_MOVE = YES;
				CLANG_WARN_UNGUARDED_AVAILABILITY = YES_AGGRESSIVE;
				CLANG_WARN_UNREACHABLE_CODE = YES;
				CLANG_WARN__DUPLICATE_METHOD_MATCH = YES;
				CODE_SIGN_IDENTITY = "Mac Developer";
				COPY_PHASE_STRIP = NO;
				DEBUG_INFORMATION_FORMAT = dwarf;
				ENABLE_STRICT_OBJC_MSGSEND = YES;
				ENABLE_TESTABILITY = YES;
				GCC_C_LANGUAGE_STANDARD = gnu11;
				GCC_DYNAMIC_NO_PIC = NO;
				GCC_NO_COMMON_BLOCKS = YES;
				GCC_OPTIMIZATION_LEVEL = 0;
				GCC_PREPROCESSOR_DEFINITIONS = (
					"DEBUG=1",
					"$(inherited)",
				);
				GCC_WARN_64_TO_32_BIT_CONVERSION = YES;
				GCC_WARN_ABOUT_RETURN_TYPE = YES_ERROR;
				GCC_WARN_UNDECLARED_SELECTOR = YES;
				GCC_WARN_UNINITIALIZED_AUTOS = YES_AGGRESSIVE;
				GCC_WARN_UNUSED_FUNCTION = YES;
				GCC_WARN_UNUSED_VARIABLE = YES;
				MACOSX_DEPLOYMENT_TARGET = 10.13;
				MTL_ENABLE_DEBUG_INFO = YES;
				ONLY_ACTIVE_ARCH = YES;
				SDKROOT = macosx;
				SWIFT_ACTIVE_COMPILATION_CONDITIONS = DEBUG;
				SWIFT_OPTIMIZATION_LEVEL = "-Onone";
			};
			name = Debug;
		};
		1EE4AC9B20C7C5B500379DD7 /* Release */ = {
			isa = XCBuildConfiguration;
			buildSettings = {
				ALWAYS_SEARCH_USER_PATHS = NO;
				CLANG_ANALYZER_NONNULL = YES;
				CLANG_ANALYZER_NUMBER_OBJECT_CONVERSION = YES_AGGRESSIVE;
				CLANG_CXX_LANGUAGE_STANDARD = "gnu++14";
				CLANG_CXX_LIBRARY = "libc++";
				CLANG_ENABLE_MODULES = YES;
				CLANG_ENABLE_OBJC_ARC = YES;
				CLANG_WARN_BLOCK_CAPTURE_AUTORELEASING = YES;
				CLANG_WARN_BOOL_CONVERSION = YES;
				CLANG_WARN_COMMA = YES;
				CLANG_WARN_CONSTANT_CONVERSION = YES;
				CLANG_WARN_DIRECT_OBJC_ISA_USAGE = YES_ERROR;
				CLANG_WARN_DOCUMENTATION_COMMENTS = YES;
				CLANG_WARN_EMPTY_BODY = YES;
				CLANG_WARN_ENUM_CONVERSION = YES;
				CLANG_WARN_INFINITE_RECURSION = YES;
				CLANG_WARN_INT_CONVERSION = YES;
				CLANG_WARN_NON_LITERAL_NULL_CONVERSION = YES;
				CLANG_WARN_OBJC_LITERAL_CONVERSION = YES;
				CLANG_WARN_OBJC_ROOT_CLASS = YES_ERROR;
				CLANG_WARN_RANGE_LOOP_ANALYSIS = YES;
				CLANG_WARN_STRICT_PROTOTYPES = YES;
				CLANG_WARN_SUSPICIOUS_MOVE = YES;
				CLANG_WARN_UNGUARDED_AVAILABILITY = YES_AGGRESSIVE;
				CLANG_WARN_UNREACHABLE_CODE = YES;
				CLANG_WARN__DUPLICATE_METHOD_MATCH = YES;
				CODE_SIGN_IDENTITY = "Mac Developer";
				COPY_PHASE_STRIP = NO;
				DEBUG_INFORMATION_FORMAT = "dwarf-with-dsym";
				ENABLE_NS_ASSERTIONS = NO;
				ENABLE_STRICT_OBJC_MSGSEND = YES;
				GCC_C_LANGUAGE_STANDARD = gnu11;
				GCC_NO_COMMON_BLOCKS = YES;
				GCC_WARN_64_TO_32_BIT_CONVERSION = YES;
				GCC_WARN_ABOUT_RETURN_TYPE = YES_ERROR;
				GCC_WARN_UNDECLARED_SELECTOR = YES;
				GCC_WARN_UNINITIALIZED_AUTOS = YES_AGGRESSIVE;
				GCC_WARN_UNUSED_FUNCTION = YES;
				GCC_WARN_UNUSED_VARIABLE = YES;
				MACOSX_DEPLOYMENT_TARGET = 10.13;
				MTL_ENABLE_DEBUG_INFO = NO;
				SDKROOT = macosx;
				SWIFT_OPTIMIZATION_LEVEL = "-Owholemodule";
			};
			name = Release;
		};
		1EE4AC9D20C7C5B500379DD7 /* Debug */ = {
			isa = XCBuildConfiguration;
			buildSettings = {
				ASSETCATALOG_COMPILER_APPICON_NAME = AppIcon;
				CODE_SIGN_ENTITLEMENTS = "Ch02-OSX/Ch02_OSX.entitlements";
				CODE_SIGN_STYLE = Automatic;
				COMBINE_HIDPI_IMAGES = YES;
				DEVELOPMENT_TEAM = 6BWWY5VW6C;
				INFOPLIST_FILE = "Ch02-OSX/Info.plist";
				LD_RUNPATH_SEARCH_PATHS = "$(inherited) @executable_path/../Frameworks";
				PRODUCT_BUNDLE_IDENTIFIER = "Frank.Zhang.Ch02-OSX";
				PRODUCT_NAME = "$(TARGET_NAME)";
				SWIFT_VERSION = 4.0;
			};
			name = Debug;
		};
		1EE4AC9E20C7C5B500379DD7 /* Release */ = {
			isa = XCBuildConfiguration;
			buildSettings = {
				ASSETCATALOG_COMPILER_APPICON_NAME = AppIcon;
				CODE_SIGN_ENTITLEMENTS = "Ch02-OSX/Ch02_OSX.entitlements";
				CODE_SIGN_STYLE = Automatic;
				COMBINE_HIDPI_IMAGES = YES;
				DEVELOPMENT_TEAM = 6BWWY5VW6C;
				INFOPLIST_FILE = "Ch02-OSX/Info.plist";
				LD_RUNPATH_SEARCH_PATHS = "$(inherited) @executable_path/../Frameworks";
				PRODUCT_BUNDLE_IDENTIFIER = "Frank.Zhang.Ch02-OSX";
				PRODUCT_NAME = "$(TARGET_NAME)";
				SWIFT_VERSION = 4.0;
			};
			name = Release;
		};
/* End XCBuildConfiguration section */

/* Begin XCConfigurationList section */
		1EE4AC8720C7C5B500379DD7 /* Build configuration list for PBXProject "Ch02-OSX" */ = {
			isa = XCConfigurationList;
			buildConfigurations = (
				1EE4AC9A20C7C5B500379DD7 /* Debug */,
				1EE4AC9B20C7C5B500379DD7 /* Release */,
			);
			defaultConfigurationIsVisible = 0;
			defaultConfigurationName = Release;
		};
		1EE4AC9C20C7C5B500379DD7 /* Build configuration list for PBXNativeTarget "Ch02-OSX" */ = {
			isa = XCConfigurationList;
			buildConfigurations = (
				1EE4AC9D20C7C5B500379DD7 /* Debug */,
				1EE4AC9E20C7C5B500379DD7 /* Release */,
			);
			defaultConfigurationIsVisible = 0;
			defaultConfigurationName = Release;
		};
/* End XCConfigurationList section */
	};
	rootObject = 1EE4AC8420C7C5B500379DD7 /* Project object */;
}
