// !$*UTF8*$!
{
	archiveVersion = 1;
	classes = {
	};
	objectVersion = 50;
	objects = {

/* Begin PBXBuildFile section */
		1E053A9B20CE81BD00C08BC4 /* AppDelegate.swift in Sources */ = {isa = PBXBuildFile; fileRef = 1E053A9A20CE81BD00C08BC4 /* AppDelegate.swift */; };
		1E053AA020CE81BD00C08BC4 /* Main.storyboard in Resources */ = {isa = PBXBuildFile; fileRef = 1E053A9E20CE81BD00C08BC4 /* Main.storyboard */; };
		1E053AA220CE81BE00C08BC4 /* Assets.xcassets in Resources */ = {isa = PBXBuildFile; fileRef = 1E053AA120CE81BE00C08BC4 /* Assets.xcassets */; };
		1E053AA520CE81BE00C08BC4 /* LaunchScreen.storyboard in Resources */ = {isa = PBXBuildFile; fileRef = 1E053AA320CE81BE00C08BC4 /* LaunchScreen.storyboard */; };
		1E053AAE20CE81D600C08BC4 /* MetalView.swift in Sources */ = {isa = PBXBuildFile; fileRef = 1E053AAC20CE81D600C08BC4 /* MetalView.swift */; };
		1E053AAF20CE81D600C08BC4 /* Shaders.metal in Sources */ = {isa = PBXBuildFile; fileRef = 1E053AAD20CE81D600C08BC4 /* Shaders.metal */; };
/* End PBXBuildFile section */

/* Begin PBXFileReference section */
		1E053A9720CE81BD00C08BC4 /* Ch05-iOS.app */ = {isa = PBXFileReference; explicitFileType = wrapper.application; includeInIndex = 0; path = "Ch05-iOS.app"; sourceTree = BUILT_PRODUCTS_DIR; };
		1E053A9A20CE81BD00C08BC4 /* AppDelegate.swift */ = {isa = PBXFileReference; lastKnownFileType = sourcecode.swift; path = AppDelegate.swift; sourceTree = "<group>"; };
		1E053A9F20CE81BD00C08BC4 /* Base */ = {isa = PBXFileReference; lastKnownFileType = file.storyboard; name = Base; path = Base.lproj/Main.storyboard; sourceTree = "<group>"; };
		1E053AA120CE81BE00C08BC4 /* Assets.xcassets */ = {isa = PBXFileReference; lastKnownFileType = folder.assetcatalog; path = Assets.xcassets; sourceTree = "<group>"; };
		1E053AA420CE81BE00C08BC4 /* Base */ = {isa = PBXFileReference; lastKnownFileType = file.storyboard; name = Base; path = Base.lproj/LaunchScreen.storyboard; sourceTree = "<group>"; };
		1E053AA620CE81BE00C08BC4 /* Info.plist */ = {isa = PBXFileReference; lastKnownFileType = text.plist.xml; path = Info.plist; sourceTree = "<group>"; };
		1E053AAC20CE81D600C08BC4 /* MetalView.swift */ = {isa = PBXFileReference; fileEncoding = 4; lastKnownFileType = sourcecode.swift; path = MetalView.swift; sourceTree = "<group>"; };
		1E053AAD20CE81D600C08BC4 /* Shaders.metal */ = {isa = PBXFileReference; fileEncoding = 4; lastKnownFileType = sourcecode.metal; path = Shaders.metal; sourceTree = "<group>"; };
/* End PBXFileReference section */

/* Begin PBXFrameworksBuildPhase section */
		1E053A9420CE81BD00C08BC4 /* Frameworks */ = {
			isa = PBXFrameworksBuildPhase;
			buildActionMask = 2147483647;
			files = (
			);
			runOnlyForDeploymentPostprocessing = 0;
		};
/* End PBXFrameworksBuildPhase section */

/* Begin PBXGroup section */
		1E053A8E20CE81BD00C08BC4 = {
			isa = PBXGroup;
			children = (
				1E053A9920CE81BD00C08BC4 /* Ch05-iOS */,
				1E053A9820CE81BD00C08BC4 /* Products */,
			);
			sourceTree = "<group>";
		};
		1E053A9820CE81BD00C08BC4 /* Products */ = {
			isa = PBXGroup;
			children = (
				1E053A9720CE81BD00C08BC4 /* Ch05-iOS.app */,
			);
			name = Products;
			sourceTree = "<group>";
		};
		1E053A9920CE81BD00C08BC4 /* Ch05-iOS */ = {
			isa = PBXGroup;
			children = (
				1E053A9A20CE81BD00C08BC4 /* AppDelegate.swift */,
				1E053AAC20CE81D600C08BC4 /* MetalView.swift */,
				1E053AAD20CE81D600C08BC4 /* Shaders.metal */,
				1E053A9E20CE81BD00C08BC4 /* Main.storyboard */,
				1E053AA120CE81BE00C08BC4 /* Assets.xcassets */,
				1E053AA320CE81BE00C08BC4 /* LaunchScreen.storyboard */,
				1E053AA620CE81BE00C08BC4 /* Info.plist */,
			);
			path = "Ch05-iOS";
			sourceTree = "<group>";
		};
/* End PBXGroup section */

/* Begin PBXNativeTarget section */
		1E053A9620CE81BD00C08BC4 /* Ch05-iOS */ = {
			isa = PBXNativeTarget;
			buildConfigurationList = 1E053AA920CE81BE00C08BC4 /* Build configuration list for PBXNativeTarget "Ch05-iOS" */;
			buildPhases = (
				1E053A9320CE81BD00C08BC4 /* Sources */,
				1E053A9420CE81BD00C08BC4 /* Frameworks */,
				1E053A9520CE81BD00C08BC4 /* Resources */,
			);
			buildRules = (
			);
			dependencies = (
			);
			name = "Ch05-iOS";
			productName = "Ch05-iOS";
			productReference = 1E053A9720CE81BD00C08BC4 /* Ch05-iOS.app */;
			productType = "com.apple.product-type.application";
		};
/* End PBXNativeTarget section */

/* Begin PBXProject section */
		1E053A8F20CE81BD00C08BC4 /* Project object */ = {
			isa = PBXProject;
			attributes = {
				LastSwiftUpdateCheck = 0930;
				LastUpgradeCheck = 0930;
				ORGANIZATIONNAME = Frank.Zhang;
				TargetAttributes = {
					1E053A9620CE81BD00C08BC4 = {
						CreatedOnToolsVersion = 9.3;
					};
				};
			};
			buildConfigurationList = 1E053A9220CE81BD00C08BC4 /* Build configuration list for PBXProject "Ch05-iOS" */;
			compatibilityVersion = "Xcode 9.3";
			developmentRegion = en;
			hasScannedForEncodings = 0;
			knownRegions = (
				en,
				Base,
			);
			mainGroup = 1E053A8E20CE81BD00C08BC4;
			productRefGroup = 1E053A9820CE81BD00C08BC4 /* Products */;
			projectDirPath = "";
			projectRoot = "";
			targets = (
				1E053A9620CE81BD00C08BC4 /* Ch05-iOS */,
			);
		};
/* End PBXProject section */

/* Begin PBXResourcesBuildPhase section */
		1E053A9520CE81BD00C08BC4 /* Resources */ = {
			isa = PBXResourcesBuildPhase;
			buildActionMask = 2147483647;
			files = (
				1E053AA520CE81BE00C08BC4 /* LaunchScreen.storyboard in Resources */,
				1E053AA220CE81BE00C08BC4 /* Assets.xcassets in Resources */,
				1E053AA020CE81BD00C08BC4 /* Main.storyboard in Resources */,
			);
			runOnlyForDeploymentPostprocessing = 0;
		};
/* End PBXResourcesBuildPhase section */

/* Begin PBXSourcesBuildPhase section */
		1E053A9320CE81BD00C08BC4 /* Sources */ = {
			isa = PBXSourcesBuildPhase;
			buildActionMask = 2147483647;
			files = (
				1E053AAF20CE81D600C08BC4 /* Shaders.metal in Sources */,
				1E053AAE20CE81D600C08BC4 /* MetalView.swift in Sources */,
				1E053A9B20CE81BD00C08BC4 /* AppDelegate.swift in Sources */,
			);
			runOnlyForDeploymentPostprocessing = 0;
		};
/* End PBXSourcesBuildPhase section */

/* Begin PBXVariantGroup section */
		1E053A9E20CE81BD00C08BC4 /* Main.storyboard */ = {
			isa = PBXVariantGroup;
			children = (
				1E053A9F20CE81BD00C08BC4 /* Base */,
			);
			name = Main.storyboard;
			sourceTree = "<group>";
		};
		1E053AA320CE81BE00C08BC4 /* LaunchScreen.storyboard */ = {
			isa = PBXVariantGroup;
			children = (
				1E053AA420CE81BE00C08BC4 /* Base */,
			);
			name = LaunchScreen.storyboard;
			sourceTree = "<group>";
		};
/* End PBXVariantGroup section */

/* Begin XCBuildConfiguration section */
		1E053AA720CE81BE00C08BC4 /* Debug */ = {
			isa = XCBuildConfiguration;
			buildSettings = {
				ALWAYS_SEARCH_USER_PATHS = NO;
				CLANG_ANALYZER_NONNULL = YES;
				CLANG_ANALYZER_NUMBER_OBJECT_CONVERSION = YES_AGGRESSIVE;
				CLANG_CXX_LANGUAGE_STANDARD = "gnu++14";
				CLANG_CXX_LIBRARY = "libc++";
				CLANG_ENABLE_MODULES = YES;
				CLANG_ENABLE_OBJC_ARC = YES;
				CLANG_ENABLE_OBJC_WEAK = YES;
				CLANG_WARN_BLOCK_CAPTURE_AUTORELEASING = YES;
				CLANG_WARN_BOOL_CONVERSION = YES;
				CLANG_WARN_COMMA = YES;
				CLANG_WARN_CONSTANT_CONVERSION = YES;
				CLANG_WARN_DEPRECATED_OBJC_IMPLEMENTATIONS = YES;
				CLANG_WARN_DIRECT_OBJC_ISA_USAGE = YES_ERROR;
				CLANG_WARN_DOCUMENTATION_COMMENTS = YES;
				CLANG_WARN_EMPTY_BODY = YES;
				CLANG_WARN_ENUM_CONVERSION = YES;
				CLANG_WARN_INFINITE_RECURSION = YES;
				CLANG_WARN_INT_CONVERSION = YES;
				CLANG_WARN_NON_LITERAL_NULL_CONVERSION = YES;
				CLANG_WARN_OBJC_IMPLICIT_RETAIN_SELF = YES;
				CLANG_WARN_OBJC_LITERAL_CONVERSION = YES;
				CLANG_WARN_OBJC_ROOT_CLASS = YES_ERROR;
				CLANG_WARN_RANGE_LOOP_ANALYSIS = YES;
				CLANG_WARN_STRICT_PROTOTYPES = YES;
				CLANG_WARN_SUSPICIOUS_MOVE = YES;
				CLANG_WARN_UNGUARDED_AVAILABILITY = YES_AGGRESSIVE;
				CLANG_WARN_UNREACHABLE_CODE = YES;
				CLANG_WARN__DUPLICATE_METHOD_MATCH = YES;
				CODE_SIGN_IDENTITY = "iPhone Developer";
				COPY_PHASE_STRIP = NO;
				DEBUG_INFORMATION_FORMAT = dwarf;
				ENABLE_STRICT_OBJC_MSGSEND = YES;
				ENABLE_TESTABILITY = YES;
				GCC_C_LANGUAGE_STANDARD = gnu11;
				GCC_DYNAMIC_NO_PIC = NO;
				GCC_NO_COMMON_BLOCKS = YES;
				GCC_OPTIMIZATION_LEVEL = 0;
				GCC_PREPROCESSOR_DEFINITIONS = (
					"DEBUG=1",
					"$(inherited)",
				);
				GCC_WARN_64_TO_32_BIT_CONVERSION = YES;
				GCC_WARN_ABOUT_RETURN_TYPE = YES_ERROR;
				GCC_WARN_UNDECLARED_SELECTOR = YES;
				GCC_WARN_UNINITIALIZED_AUTOS = YES_AGGRESSIVE;
				GCC_WARN_UNUSED_FUNCTION = YES;
				GCC_WARN_UNUSED_VARIABLE = YES;
				IPHONEOS_DEPLOYMENT_TARGET = 9.0;
				MTL_ENABLE_DEBUG_INFO = YES;
				ONLY_ACTIVE_ARCH = YES;
				SDKROOT = iphoneos;
				SWIFT_ACTIVE_COMPILATION_CONDITIONS = DEBUG;
				SWIFT_OPTIMIZATION_LEVEL = "-Onone";
			};
			name = Debug;
		};
		1E053AA820CE81BE00C08BC4 /* Release */ = {
			isa = XCBuildConfiguration;
			buildSettings = {
				ALWAYS_SEARCH_USER_PATHS = NO;
				CLANG_ANALYZER_NONNULL = YES;
				CLANG_ANALYZER_NUMBER_OBJECT_CONVERSION = YES_AGGRESSIVE;
				CLANG_CXX_LANGUAGE_STANDARD = "gnu++14";
				CLANG_CXX_LIBRARY = "libc++";
				CLANG_ENABLE_MODULES = YES;
				CLANG_ENABLE_OBJC_ARC = YES;
				CLANG_ENABLE_OBJC_WEAK = YES;
				CLANG_WARN_BLOCK_CAPTURE_AUTORELEASING = YES;
				CLANG_WARN_BOOL_CONVERSION = YES;
				CLANG_WARN_COMMA = YES;
				CLANG_WARN_CONSTANT_CONVERSION = YES;
				CLANG_WARN_DEPRECATED_OBJC_IMPLEMENTATIONS = YES;
				CLANG_WARN_DIRECT_OBJC_ISA_USAGE = YES_ERROR;
				CLANG_WARN_DOCUMENTATION_COMMENTS = YES;
				CLANG_WARN_EMPTY_BODY = YES;
				CLANG_WARN_ENUM_CONVERSION = YES;
				CLANG_WARN_INFINITE_RECURSION = YES;
				CLANG_WARN_INT_CONVERSION = YES;
				CLANG_WARN_NON_LITERAL_NULL_CONVERSION = YES;
				CLANG_WARN_OBJC_IMPLICIT_RETAIN_SELF = YES;
				CLANG_WARN_OBJC_LITERAL_CONVERSION = YES;
				CLANG_WARN_OBJC_ROOT_CLASS = YES_ERROR;
				CLANG_WARN_RANGE_LOOP_ANALYSIS = YES;
				CLANG_WARN_STRICT_PROTOTYPES = YES;
				CLANG_WARN_SUSPICIOUS_MOVE = YES;
				CLANG_WARN_UNGUARDED_AVAILABILITY = YES_AGGRESSIVE;
				CLANG_WARN_UNREACHABLE_CODE = YES;
				CLANG_WARN__DUPLICATE_METHOD_MATCH = YES;
				CODE_SIGN_IDENTITY = "iPhone Developer";
				COPY_PHASE_STRIP = NO;
				DEBUG_INFORMATION_FORMAT = "dwarf-with-dsym";
				ENABLE_NS_ASSERTIONS = NO;
				ENABLE_STRICT_OBJC_MSGSEND = YES;
				GCC_C_LANGUAGE_STANDARD = gnu11;
				GCC_NO_COMMON_BLOCKS = YES;
				GCC_WARN_64_TO_32_BIT_CONVERSION = YES;
				GCC_WARN_ABOUT_RETURN_TYPE = YES_ERROR;
				GCC_WARN_UNDECLARED_SELECTOR = YES;
				GCC_WARN_UNINITIALIZED_AUTOS = YES_AGGRESSIVE;
				GCC_WARN_UNUSED_FUNCTION = YES;
				GCC_WARN_UNUSED_VARIABLE = YES;
				IPHONEOS_DEPLOYMENT_TARGET = 9.0;
				MTL_ENABLE_DEBUG_INFO = NO;
				SDKROOT = iphoneos;
				SWIFT_COMPILATION_MODE = wholemodule;
				SWIFT_OPTIMIZATION_LEVEL = "-O";
				VALIDATE_PRODUCT = YES;
			};
			name = Release;
		};
		1E053AAA20CE81BE00C08BC4 /* Debug */ = {
			isa = XCBuildConfiguration;
			buildSettings = {
				ASSETCATALOG_COMPILER_APPICON_NAME = AppIcon;
				CODE_SIGN_STYLE = Automatic;
				DEVELOPMENT_TEAM = Q4V7MBW45A;
				INFOPLIST_FILE = "Ch05-iOS/Info.plist";
				LD_RUNPATH_SEARCH_PATHS = (
					"$(inherited)",
					"@executable_path/Frameworks",
				);
				PRODUCT_BUNDLE_IDENTIFIER = "Frank.Zhang.Ch05-iOS";
				PRODUCT_NAME = "$(TARGET_NAME)";
				SWIFT_VERSION = 4.0;
				TARGETED_DEVICE_FAMILY = "1,2";
			};
			name = Debug;
		};
		1E053AAB20CE81BE00C08BC4 /* Release */ = {
			isa = XCBuildConfiguration;
			buildSettings = {
				ASSETCATALOG_COMPILER_APPICON_NAME = AppIcon;
				CODE_SIGN_STYLE = Automatic;
				DEVELOPMENT_TEAM = Q4V7MBW45A;
				INFOPLIST_FILE = "Ch05-iOS/Info.plist";
				LD_RUNPATH_SEARCH_PATHS = (
					"$(inherited)",
					"@executable_path/Frameworks",
				);
				PRODUCT_BUNDLE_IDENTIFIER = "Frank.Zhang.Ch05-iOS";
				PRODUCT_NAME = "$(TARGET_NAME)";
				SWIFT_VERSION = 4.0;
				TARGETED_DEVICE_FAMILY = "1,2";
			};
			name = Release;
		};
/* End XCBuildConfiguration section */

/* Begin XCConfigurationList section */
		1E053A9220CE81BD00C08BC4 /* Build configuration list for PBXProject "Ch05-iOS" */ = {
			isa = XCConfigurationList;
			buildConfigurations = (
				1E053AA720CE81BE00C08BC4 /* Debug */,
				1E053AA820CE81BE00C08BC4 /* Release */,
			);
			defaultConfigurationIsVisible = 0;
			defaultConfigurationName = Release;
		};
		1E053AA920CE81BE00C08BC4 /* Build configuration list for PBXNativeTarget "Ch05-iOS" */ = {
			isa = XCConfigurationList;
			buildConfigurations = (
				1E053AAA20CE81BE00C08BC4 /* Debug */,
				1E053AAB20CE81BE00C08BC4 /* Release */,
			);
			defaultConfigurationIsVisible = 0;
			defaultConfigurationName = Release;
		};
/* End XCConfigurationList section */
	};
	rootObject = 1E053A8F20CE81BD00C08BC4 /* Project object */;
}
